
Microsoft Visual Studio Solution File, Format Version 12.00
# Visual Studio Version 17
VisualStudioVersion = 17.9.34622.214
MinimumVisualStudioVersion = 10.0.40219.1
Project("{2150E333-8FDC-42A3-9474-1A3956D46DE8}") = "src", "src", "{04766FA1-60EF-4FF8-BEFE-94B39B9C68FA}"
EndProject
Project("{9A19103F-16F7-4668-BE54-9A1E7A4F7556}") = "MotoXShare.Application", "src\MotoXShare.Application\MotoXShare.Application.csproj", "{145B418E-06BC-46BA-8829-50E5D8CFFDFF}"
EndProject
Project("{9A19103F-16F7-4668-BE54-9A1E7A4F7556}") = "MotoXShare.API", "src\MotoXShare.API\MotoXShare.API.csproj", "{77E9F565-8AAD-4E5A-B841-EADDB0C4E186}"
EndProject
Global
	GlobalSection(SolutionConfigurationPlatforms) = preSolution
		Debug|Any CPU = Debug|Any CPU
		Release|Any CPU = Release|Any CPU
	EndGlobalSection
	GlobalSection(ProjectConfigurationPlatforms) = postSolution
		{145B418E-06BC-46BA-8829-50E5D8CFFDFF}.Debug|Any CPU.ActiveCfg = Debug|Any CPU
		{145B418E-06BC-46BA-8829-50E5D8CFFDFF}.Debug|Any CPU.Build.0 = Debug|Any CPU
		{145B418E-06BC-46BA-8829-50E5D8CFFDFF}.Release|Any CPU.ActiveCfg = Release|Any CPU
		{145B418E-06BC-46BA-8829-50E5D8CFFDFF}.Release|Any CPU.Build.0 = Release|Any CPU
		{77E9F565-8AAD-4E5A-B841-EADDB0C4E186}.Debug|Any CPU.ActiveCfg = Debug|Any CPU
		{77E9F565-8AAD-4E5A-B841-EADDB0C4E186}.Debug|Any CPU.Build.0 = Debug|Any CPU
		{77E9F565-8AAD-4E5A-B841-EADDB0C4E186}.Release|Any CPU.ActiveCfg = Release|Any CPU
		{77E9F565-8AAD-4E5A-B841-EADDB0C4E186}.Release|Any CPU.Build.0 = Release|Any CPU
	EndGlobalSection
	GlobalSection(SolutionProperties) = preSolution
		HideSolutionNode = FALSE
	EndGlobalSection
	GlobalSection(NestedProjects) = preSolution
		{145B418E-06BC-46BA-8829-50E5D8CFFDFF} = {04766FA1-60EF-4FF8-BEFE-94B39B9C68FA}
		{77E9F565-8AAD-4E5A-B841-EADDB0C4E186} = {04766FA1-60EF-4FF8-BEFE-94B39B9C68FA}
	EndGlobalSection
	GlobalSection(ExtensibilityGlobals) = postSolution
		SolutionGuid = {01827DD6-90E7-4FAD-9EFA-7D929ED6FB54}
	EndGlobalSection
EndGlobal
